
Microsoft Visual Studio Solution File, Format Version 12.00
# Visual Studio Version 17
VisualStudioVersion = 17.7.34031.279
MinimumVisualStudioVersion = 10.0.40219.1
Project("{FAE04EC0-301F-11D3-BF4B-00C04F79EFBC}") = "homework8(2)", "homework8(2)\homework8(2).csproj", "{F17755E2-AD22-4D70-93F3-5B2CA8D20F84}"
EndProject
Project("{FAE04EC0-301F-11D3-BF4B-00C04F79EFBC}") = "lab9", "lab9\lab9.csproj", "{2D8AC1F3-9347-4FAF-8DC7-6FB2F4181672}"
EndProject
Global
	GlobalSection(SolutionConfigurationPlatforms) = preSolution
		Debug|Any CPU = Debug|Any CPU
		Release|Any CPU = Release|Any CPU
	EndGlobalSection
	GlobalSection(ProjectConfigurationPlatforms) = postSolution
		{F17755E2-AD22-4D70-93F3-5B2CA8D20F84}.Debug|Any CPU.ActiveCfg = Debug|Any CPU
		{F17755E2-AD22-4D70-93F3-5B2CA8D20F84}.Debug|Any CPU.Build.0 = Debug|Any CPU
		{F17755E2-AD22-4D70-93F3-5B2CA8D20F84}.Release|Any CPU.ActiveCfg = Release|Any CPU
		{F17755E2-AD22-4D70-93F3-5B2CA8D20F84}.Release|Any CPU.Build.0 = Release|Any CPU
		{2D8AC1F3-9347-4FAF-8DC7-6FB2F4181672}.Debug|Any CPU.ActiveCfg = Debug|Any CPU
		{2D8AC1F3-9347-4FAF-8DC7-6FB2F4181672}.Debug|Any CPU.Build.0 = Debug|Any CPU
		{2D8AC1F3-9347-4FAF-8DC7-6FB2F4181672}.Release|Any CPU.ActiveCfg = Release|Any CPU
		{2D8AC1F3-9347-4FAF-8DC7-6FB2F4181672}.Release|Any CPU.Build.0 = Release|Any CPU
	EndGlobalSection
	GlobalSection(SolutionProperties) = preSolution
		HideSolutionNode = FALSE
	EndGlobalSection
	GlobalSection(ExtensibilityGlobals) = postSolution
		SolutionGuid = {3A759457-9F3D-4EFE-B949-2C242C299AEF}
	EndGlobalSection
EndGlobal
